
Microsoft Visual Studio Solution File, Format Version 12.00
# Visual Studio 15
VisualStudioVersion = 15.0.28010.2016
MinimumVisualStudioVersion = 10.0.40219.1
Project("{2150E333-8FDC-42A3-9474-1A3956D46DE8}") = "src", "src", "{1F86FC96-EAD2-4C35-8C12-C930F5869E42}"
EndProject
Project("{2150E333-8FDC-42A3-9474-1A3956D46DE8}") = "test", "test", "{B72E95CA-797B-4EBD-9793-AA00E75A0F6F}"
EndProject
Project("{9A19103F-16F7-4668-BE54-9A1E7A4F7556}") = "graphql.IntegrationTests", "test\graphql.IntegrationTests\graphql.IntegrationTests.csproj", "{B30E1EEA-C9E1-4800-8C3D-D14C58399438}"
EndProject
Project("{9A19103F-16F7-4668-BE54-9A1E7A4F7556}") = "cloudscribe.Extensions.GraphQL", "src\cloudscribe.Extensions.GraphQL\cloudscribe.Extensions.GraphQL.csproj", "{8D3A7CD6-D7DE-411B-A974-70118A35D3B6}"
EndProject
Project("{9A19103F-16F7-4668-BE54-9A1E7A4F7556}") = "cloudscribe.Core.GraphQL", "src\cloudscribe.Core.GraphQL\cloudscribe.Core.GraphQL.csproj", "{5D3887AF-FBEC-4D98-96B2-22A1883328AA}"
EndProject
Project("{9A19103F-16F7-4668-BE54-9A1E7A4F7556}") = "cloudscribe.SimpleContent.GraphQL", "src\cloudscribe.SimpleContent.GraphQL\cloudscribe.SimpleContent.GraphQL.csproj", "{35C3709D-1CC2-401A-8218-0506AF9E4691}"
EndProject
Project("{9A19103F-16F7-4668-BE54-9A1E7A4F7556}") = "cloudscribe.Core.Blazor", "src\cloudscribe.Core.Blazor\cloudscribe.Core.Blazor.csproj", "{C62F261A-CD4C-4D47-B059-4C7FA069E4F4}"
EndProject
Project("{9A19103F-16F7-4668-BE54-9A1E7A4F7556}") = "cloudscribe.Extensions.Blazor.Config", "src\cloudscribe.Extensions.Blazor.Config\cloudscribe.Extensions.Blazor.Config.csproj", "{3CDE545D-00A1-4CA2-9BD8-43B21E77AD28}"
EndProject
Project("{9A19103F-16F7-4668-BE54-9A1E7A4F7556}") = "cloudscribe.Extensions.Blazor.Oidc", "src\cloudscribe.Extensions.Blazor.Oidc\cloudscribe.Extensions.Blazor.Oidc.csproj", "{B2F932E5-A5F4-4DA9-BAD4-B08DD24F80E3}"
EndProject
Project("{9A19103F-16F7-4668-BE54-9A1E7A4F7556}") = "sourceDev.WebApp", "src\sourceDev.WebApp\sourceDev.WebApp.csproj", "{796A31CA-0CD8-414A-9895-3B2AA036F21F}"
EndProject
Project("{9A19103F-16F7-4668-BE54-9A1E7A4F7556}") = "sourceDev.BlazorApp", "src\sourceDev.BlazorApp\sourceDev.BlazorApp.csproj", "{8581F021-B23E-4AD6-99D7-6EE62DB2A738}"
EndProject
Project("{9A19103F-16F7-4668-BE54-9A1E7A4F7556}") = "cloudscribe.Core.ApiModels", "src\cloudscribe.Core.ApiModels\cloudscribe.Core.ApiModels.csproj", "{AE64E3D8-E9C4-4E9D-A91D-9588956368A3}"
EndProject
Project("{9A19103F-16F7-4668-BE54-9A1E7A4F7556}") = "cloudscribe.SimpleContent.ApiModels", "src\cloudscribe.SimpleContent.ApiModels\cloudscribe.SimpleContent.ApiModels.csproj", "{69758FB2-A0F2-46B1-B174-A81FDAE44787}"
EndProject
Project("{9A19103F-16F7-4668-BE54-9A1E7A4F7556}") = "GraphQL.Authorization.AspNetCore", "src\GraphQL.Authorization.AspNetCore\GraphQL.Authorization.AspNetCore.csproj", "{0F42FC15-A622-408F-81AB-4C8782965A30}"
EndProject
Project("{9A19103F-16F7-4668-BE54-9A1E7A4F7556}") = "cloudscribe.Extensions.Blazor.GraphQL", "src\cloudscribe.Extensions.Blazor.GraphQL\cloudscribe.Extensions.Blazor.GraphQL.csproj", "{7330CDE0-D7EE-4DEE-B436-BE7156C1DDC9}"
EndProject
Project("{9A19103F-16F7-4668-BE54-9A1E7A4F7556}") = "cloudscribe.SimpleContent.Blazor", "src\cloudscribe.SimpleContent.Blazor\cloudscribe.SimpleContent.Blazor.csproj", "{55DD47FB-E911-43C1-BE75-A63A0B17D478}"
EndProject
Global
	GlobalSection(SolutionConfigurationPlatforms) = preSolution
		Debug|Any CPU = Debug|Any CPU
		Release|Any CPU = Release|Any CPU
	EndGlobalSection
	GlobalSection(ProjectConfigurationPlatforms) = postSolution
		{B30E1EEA-C9E1-4800-8C3D-D14C58399438}.Debug|Any CPU.ActiveCfg = Debug|Any CPU
		{B30E1EEA-C9E1-4800-8C3D-D14C58399438}.Debug|Any CPU.Build.0 = Debug|Any CPU
		{B30E1EEA-C9E1-4800-8C3D-D14C58399438}.Release|Any CPU.ActiveCfg = Release|Any CPU
		{B30E1EEA-C9E1-4800-8C3D-D14C58399438}.Release|Any CPU.Build.0 = Release|Any CPU
		{8D3A7CD6-D7DE-411B-A974-70118A35D3B6}.Debug|Any CPU.ActiveCfg = Debug|Any CPU
		{8D3A7CD6-D7DE-411B-A974-70118A35D3B6}.Debug|Any CPU.Build.0 = Debug|Any CPU
		{8D3A7CD6-D7DE-411B-A974-70118A35D3B6}.Release|Any CPU.ActiveCfg = Release|Any CPU
		{8D3A7CD6-D7DE-411B-A974-70118A35D3B6}.Release|Any CPU.Build.0 = Release|Any CPU
		{5D3887AF-FBEC-4D98-96B2-22A1883328AA}.Debug|Any CPU.ActiveCfg = Debug|Any CPU
		{5D3887AF-FBEC-4D98-96B2-22A1883328AA}.Debug|Any CPU.Build.0 = Debug|Any CPU
		{5D3887AF-FBEC-4D98-96B2-22A1883328AA}.Release|Any CPU.ActiveCfg = Release|Any CPU
		{5D3887AF-FBEC-4D98-96B2-22A1883328AA}.Release|Any CPU.Build.0 = Release|Any CPU
		{35C3709D-1CC2-401A-8218-0506AF9E4691}.Debug|Any CPU.ActiveCfg = Debug|Any CPU
		{35C3709D-1CC2-401A-8218-0506AF9E4691}.Debug|Any CPU.Build.0 = Debug|Any CPU
		{35C3709D-1CC2-401A-8218-0506AF9E4691}.Release|Any CPU.ActiveCfg = Release|Any CPU
		{35C3709D-1CC2-401A-8218-0506AF9E4691}.Release|Any CPU.Build.0 = Release|Any CPU
		{C62F261A-CD4C-4D47-B059-4C7FA069E4F4}.Debug|Any CPU.ActiveCfg = Debug|Any CPU
		{C62F261A-CD4C-4D47-B059-4C7FA069E4F4}.Debug|Any CPU.Build.0 = Debug|Any CPU
		{C62F261A-CD4C-4D47-B059-4C7FA069E4F4}.Release|Any CPU.ActiveCfg = Release|Any CPU
		{C62F261A-CD4C-4D47-B059-4C7FA069E4F4}.Release|Any CPU.Build.0 = Release|Any CPU
		{3CDE545D-00A1-4CA2-9BD8-43B21E77AD28}.Debug|Any CPU.ActiveCfg = Debug|Any CPU
		{3CDE545D-00A1-4CA2-9BD8-43B21E77AD28}.Debug|Any CPU.Build.0 = Debug|Any CPU
		{3CDE545D-00A1-4CA2-9BD8-43B21E77AD28}.Release|Any CPU.ActiveCfg = Release|Any CPU
		{3CDE545D-00A1-4CA2-9BD8-43B21E77AD28}.Release|Any CPU.Build.0 = Release|Any CPU
		{B2F932E5-A5F4-4DA9-BAD4-B08DD24F80E3}.Debug|Any CPU.ActiveCfg = Debug|Any CPU
		{B2F932E5-A5F4-4DA9-BAD4-B08DD24F80E3}.Debug|Any CPU.Build.0 = Debug|Any CPU
		{B2F932E5-A5F4-4DA9-BAD4-B08DD24F80E3}.Release|Any CPU.ActiveCfg = Release|Any CPU
		{B2F932E5-A5F4-4DA9-BAD4-B08DD24F80E3}.Release|Any CPU.Build.0 = Release|Any CPU
		{796A31CA-0CD8-414A-9895-3B2AA036F21F}.Debug|Any CPU.ActiveCfg = Debug|Any CPU
		{796A31CA-0CD8-414A-9895-3B2AA036F21F}.Debug|Any CPU.Build.0 = Debug|Any CPU
		{796A31CA-0CD8-414A-9895-3B2AA036F21F}.Release|Any CPU.ActiveCfg = Release|Any CPU
		{796A31CA-0CD8-414A-9895-3B2AA036F21F}.Release|Any CPU.Build.0 = Release|Any CPU
		{8581F021-B23E-4AD6-99D7-6EE62DB2A738}.Debug|Any CPU.ActiveCfg = Debug|Any CPU
		{8581F021-B23E-4AD6-99D7-6EE62DB2A738}.Debug|Any CPU.Build.0 = Debug|Any CPU
		{8581F021-B23E-4AD6-99D7-6EE62DB2A738}.Release|Any CPU.ActiveCfg = Release|Any CPU
		{8581F021-B23E-4AD6-99D7-6EE62DB2A738}.Release|Any CPU.Build.0 = Release|Any CPU
		{AE64E3D8-E9C4-4E9D-A91D-9588956368A3}.Debug|Any CPU.ActiveCfg = Debug|Any CPU
		{AE64E3D8-E9C4-4E9D-A91D-9588956368A3}.Debug|Any CPU.Build.0 = Debug|Any CPU
		{AE64E3D8-E9C4-4E9D-A91D-9588956368A3}.Release|Any CPU.ActiveCfg = Release|Any CPU
		{AE64E3D8-E9C4-4E9D-A91D-9588956368A3}.Release|Any CPU.Build.0 = Release|Any CPU
		{69758FB2-A0F2-46B1-B174-A81FDAE44787}.Debug|Any CPU.ActiveCfg = Debug|Any CPU
		{69758FB2-A0F2-46B1-B174-A81FDAE44787}.Debug|Any CPU.Build.0 = Debug|Any CPU
		{69758FB2-A0F2-46B1-B174-A81FDAE44787}.Release|Any CPU.ActiveCfg = Release|Any CPU
		{69758FB2-A0F2-46B1-B174-A81FDAE44787}.Release|Any CPU.Build.0 = Release|Any CPU
		{0F42FC15-A622-408F-81AB-4C8782965A30}.Debug|Any CPU.ActiveCfg = Debug|Any CPU
		{0F42FC15-A622-408F-81AB-4C8782965A30}.Debug|Any CPU.Build.0 = Debug|Any CPU
		{0F42FC15-A622-408F-81AB-4C8782965A30}.Release|Any CPU.ActiveCfg = Release|Any CPU
		{0F42FC15-A622-408F-81AB-4C8782965A30}.Release|Any CPU.Build.0 = Release|Any CPU
		{7330CDE0-D7EE-4DEE-B436-BE7156C1DDC9}.Debug|Any CPU.ActiveCfg = Debug|Any CPU
		{7330CDE0-D7EE-4DEE-B436-BE7156C1DDC9}.Debug|Any CPU.Build.0 = Debug|Any CPU
		{7330CDE0-D7EE-4DEE-B436-BE7156C1DDC9}.Release|Any CPU.ActiveCfg = Release|Any CPU
		{7330CDE0-D7EE-4DEE-B436-BE7156C1DDC9}.Release|Any CPU.Build.0 = Release|Any CPU
		{55DD47FB-E911-43C1-BE75-A63A0B17D478}.Debug|Any CPU.ActiveCfg = Debug|Any CPU
		{55DD47FB-E911-43C1-BE75-A63A0B17D478}.Debug|Any CPU.Build.0 = Debug|Any CPU
		{55DD47FB-E911-43C1-BE75-A63A0B17D478}.Release|Any CPU.ActiveCfg = Release|Any CPU
		{55DD47FB-E911-43C1-BE75-A63A0B17D478}.Release|Any CPU.Build.0 = Release|Any CPU
	EndGlobalSection
	GlobalSection(SolutionProperties) = preSolution
		HideSolutionNode = FALSE
	EndGlobalSection
	GlobalSection(NestedProjects) = preSolution
		{B30E1EEA-C9E1-4800-8C3D-D14C58399438} = {B72E95CA-797B-4EBD-9793-AA00E75A0F6F}
		{8D3A7CD6-D7DE-411B-A974-70118A35D3B6} = {1F86FC96-EAD2-4C35-8C12-C930F5869E42}
		{5D3887AF-FBEC-4D98-96B2-22A1883328AA} = {1F86FC96-EAD2-4C35-8C12-C930F5869E42}
		{35C3709D-1CC2-401A-8218-0506AF9E4691} = {1F86FC96-EAD2-4C35-8C12-C930F5869E42}
		{C62F261A-CD4C-4D47-B059-4C7FA069E4F4} = {1F86FC96-EAD2-4C35-8C12-C930F5869E42}
		{3CDE545D-00A1-4CA2-9BD8-43B21E77AD28} = {1F86FC96-EAD2-4C35-8C12-C930F5869E42}
		{B2F932E5-A5F4-4DA9-BAD4-B08DD24F80E3} = {1F86FC96-EAD2-4C35-8C12-C930F5869E42}
		{796A31CA-0CD8-414A-9895-3B2AA036F21F} = {1F86FC96-EAD2-4C35-8C12-C930F5869E42}
		{8581F021-B23E-4AD6-99D7-6EE62DB2A738} = {1F86FC96-EAD2-4C35-8C12-C930F5869E42}
		{AE64E3D8-E9C4-4E9D-A91D-9588956368A3} = {1F86FC96-EAD2-4C35-8C12-C930F5869E42}
		{69758FB2-A0F2-46B1-B174-A81FDAE44787} = {1F86FC96-EAD2-4C35-8C12-C930F5869E42}
		{0F42FC15-A622-408F-81AB-4C8782965A30} = {1F86FC96-EAD2-4C35-8C12-C930F5869E42}
		{7330CDE0-D7EE-4DEE-B436-BE7156C1DDC9} = {1F86FC96-EAD2-4C35-8C12-C930F5869E42}
		{55DD47FB-E911-43C1-BE75-A63A0B17D478} = {1F86FC96-EAD2-4C35-8C12-C930F5869E42}
	EndGlobalSection
	GlobalSection(ExtensibilityGlobals) = postSolution
		SolutionGuid = {E8E02B70-5273-4C2F-B0A7-C5E07D0076AC}
	EndGlobalSection
EndGlobal
